
Microsoft Visual Studio Solution File, Format Version 12.00
# Visual Studio Version 16
VisualStudioVersion = 16.0.30413.136
MinimumVisualStudioVersion = 10.0.40219.1
Project("{FAE04EC0-301F-11D3-BF4B-00C04F79EFBC}") = "ZenMovieApp2.Android", "ZenMovieApp2\ZenMovieApp2.Android\ZenMovieApp2.Android.csproj", "{2E6EDACC-A760-4CCA-B319-CA9FA1B5935E}"
EndProject
Project("{FAE04EC0-301F-11D3-BF4B-00C04F79EFBC}") = "ZenMovieApp2.iOS", "ZenMovieApp2\ZenMovieApp2.iOS\ZenMovieApp2.iOS.csproj", "{FCD04DA8-83CC-411C-8B70-16F57B146E31}"
EndProject
Project("{FAE04EC0-301F-11D3-BF4B-00C04F79EFBC}") = "ZenMovieApp2", "ZenMovieApp2\ZenMovieApp2\ZenMovieApp2.csproj", "{9736DF75-793C-44A6-BB94-D939BD7A9F46}"
EndProject
Global
	GlobalSection(SolutionConfigurationPlatforms) = preSolution
		Debug|Any CPU = Debug|Any CPU
		Debug|iPhone = Debug|iPhone
		Debug|iPhoneSimulator = Debug|iPhoneSimulator
		Release|Any CPU = Release|Any CPU
		Release|iPhone = Release|iPhone
		Release|iPhoneSimulator = Release|iPhoneSimulator
	EndGlobalSection
	GlobalSection(ProjectConfigurationPlatforms) = postSolution
		{2E6EDACC-A760-4CCA-B319-CA9FA1B5935E}.Debug|Any CPU.ActiveCfg = Debug|Any CPU
		{2E6EDACC-A760-4CCA-B319-CA9FA1B5935E}.Debug|Any CPU.Build.0 = Debug|Any CPU
		{2E6EDACC-A760-4CCA-B319-CA9FA1B5935E}.Debug|Any CPU.Deploy.0 = Debug|Any CPU
		{2E6EDACC-A760-4CCA-B319-CA9FA1B5935E}.Debug|iPhone.ActiveCfg = Debug|Any CPU
		{2E6EDACC-A760-4CCA-B319-CA9FA1B5935E}.Debug|iPhone.Build.0 = Debug|Any CPU
		{2E6EDACC-A760-4CCA-B319-CA9FA1B5935E}.Debug|iPhone.Deploy.0 = Debug|Any CPU
		{2E6EDACC-A760-4CCA-B319-CA9FA1B5935E}.Debug|iPhoneSimulator.ActiveCfg = Debug|Any CPU
		{2E6EDACC-A760-4CCA-B319-CA9FA1B5935E}.Debug|iPhoneSimulator.Build.0 = Debug|Any CPU
		{2E6EDACC-A760-4CCA-B319-CA9FA1B5935E}.Debug|iPhoneSimulator.Deploy.0 = Debug|Any CPU
		{2E6EDACC-A760-4CCA-B319-CA9FA1B5935E}.Release|Any CPU.ActiveCfg = Release|Any CPU
		{2E6EDACC-A760-4CCA-B319-CA9FA1B5935E}.Release|Any CPU.Build.0 = Release|Any CPU
		{2E6EDACC-A760-4CCA-B319-CA9FA1B5935E}.Release|Any CPU.Deploy.0 = Release|Any CPU
		{2E6EDACC-A760-4CCA-B319-CA9FA1B5935E}.Release|iPhone.ActiveCfg = Release|Any CPU
		{2E6EDACC-A760-4CCA-B319-CA9FA1B5935E}.Release|iPhone.Build.0 = Release|Any CPU
		{2E6EDACC-A760-4CCA-B319-CA9FA1B5935E}.Release|iPhone.Deploy.0 = Release|Any CPU
		{2E6EDACC-A760-4CCA-B319-CA9FA1B5935E}.Release|iPhoneSimulator.ActiveCfg = Release|Any CPU
		{2E6EDACC-A760-4CCA-B319-CA9FA1B5935E}.Release|iPhoneSimulator.Build.0 = Release|Any CPU
		{2E6EDACC-A760-4CCA-B319-CA9FA1B5935E}.Release|iPhoneSimulator.Deploy.0 = Release|Any CPU
		{FCD04DA8-83CC-411C-8B70-16F57B146E31}.Debug|Any CPU.ActiveCfg = Debug|iPhone
		{FCD04DA8-83CC-411C-8B70-16F57B146E31}.Debug|Any CPU.Build.0 = Debug|iPhone
		{FCD04DA8-83CC-411C-8B70-16F57B146E31}.Debug|Any CPU.Deploy.0 = Debug|iPhone
		{FCD04DA8-83CC-411C-8B70-16F57B146E31}.Debug|iPhone.ActiveCfg = Debug|iPhone
		{FCD04DA8-83CC-411C-8B70-16F57B146E31}.Debug|iPhone.Build.0 = Debug|iPhone
		{FCD04DA8-83CC-411C-8B70-16F57B146E31}.Debug|iPhone.Deploy.0 = Debug|iPhone
		{FCD04DA8-83CC-411C-8B70-16F57B146E31}.Debug|iPhoneSimulator.ActiveCfg = Debug|iPhoneSimulator
		{FCD04DA8-83CC-411C-8B70-16F57B146E31}.Debug|iPhoneSimulator.Build.0 = Debug|iPhoneSimulator
		{FCD04DA8-83CC-411C-8B70-16F57B146E31}.Debug|iPhoneSimulator.Deploy.0 = Debug|iPhoneSimulator
		{FCD04DA8-83CC-411C-8B70-16F57B146E31}.Release|Any CPU.ActiveCfg = Release|iPhone
		{FCD04DA8-83CC-411C-8B70-16F57B146E31}.Release|Any CPU.Build.0 = Release|iPhone
		{FCD04DA8-83CC-411C-8B70-16F57B146E31}.Release|Any CPU.Deploy.0 = Release|iPhone
		{FCD04DA8-83CC-411C-8B70-16F57B146E31}.Release|iPhone.ActiveCfg = Release|iPhone
		{FCD04DA8-83CC-411C-8B70-16F57B146E31}.Release|iPhone.Build.0 = Release|iPhone
		{FCD04DA8-83CC-411C-8B70-16F57B146E31}.Release|iPhone.Deploy.0 = Release|iPhone
		{FCD04DA8-83CC-411C-8B70-16F57B146E31}.Release|iPhoneSimulator.ActiveCfg = Release|iPhoneSimulator
		{FCD04DA8-83CC-411C-8B70-16F57B146E31}.Release|iPhoneSimulator.Build.0 = Release|iPhoneSimulator
		{FCD04DA8-83CC-411C-8B70-16F57B146E31}.Release|iPhoneSimulator.Deploy.0 = Release|iPhoneSimulator
		{9736DF75-793C-44A6-BB94-D939BD7A9F46}.Debug|Any CPU.ActiveCfg = Debug|Any CPU
		{9736DF75-793C-44A6-BB94-D939BD7A9F46}.Debug|Any CPU.Build.0 = Debug|Any CPU
		{9736DF75-793C-44A6-BB94-D939BD7A9F46}.Debug|Any CPU.Deploy.0 = Debug|Any CPU
		{9736DF75-793C-44A6-BB94-D939BD7A9F46}.Debug|iPhone.ActiveCfg = Debug|Any CPU
		{9736DF75-793C-44A6-BB94-D939BD7A9F46}.Debug|iPhone.Build.0 = Debug|Any CPU
		{9736DF75-793C-44A6-BB94-D939BD7A9F46}.Debug|iPhone.Deploy.0 = Debug|Any CPU
		{9736DF75-793C-44A6-BB94-D939BD7A9F46}.Debug|iPhoneSimulator.ActiveCfg = Debug|Any CPU
		{9736DF75-793C-44A6-BB94-D939BD7A9F46}.Debug|iPhoneSimulator.Build.0 = Debug|Any CPU
		{9736DF75-793C-44A6-BB94-D939BD7A9F46}.Debug|iPhoneSimulator.Deploy.0 = Debug|Any CPU
		{9736DF75-793C-44A6-BB94-D939BD7A9F46}.Release|Any CPU.ActiveCfg = Release|Any CPU
		{9736DF75-793C-44A6-BB94-D939BD7A9F46}.Release|Any CPU.Build.0 = Release|Any CPU
		{9736DF75-793C-44A6-BB94-D939BD7A9F46}.Release|Any CPU.Deploy.0 = Release|Any CPU
		{9736DF75-793C-44A6-BB94-D939BD7A9F46}.Release|iPhone.ActiveCfg = Release|Any CPU
		{9736DF75-793C-44A6-BB94-D939BD7A9F46}.Release|iPhone.Build.0 = Release|Any CPU
		{9736DF75-793C-44A6-BB94-D939BD7A9F46}.Release|iPhone.Deploy.0 = Release|Any CPU
		{9736DF75-793C-44A6-BB94-D939BD7A9F46}.Release|iPhoneSimulator.ActiveCfg = Release|Any CPU
		{9736DF75-793C-44A6-BB94-D939BD7A9F46}.Release|iPhoneSimulator.Build.0 = Release|Any CPU
		{9736DF75-793C-44A6-BB94-D939BD7A9F46}.Release|iPhoneSimulator.Deploy.0 = Release|Any CPU
	EndGlobalSection
	GlobalSection(SolutionProperties) = preSolution
		HideSolutionNode = FALSE
	EndGlobalSection
	GlobalSection(ExtensibilityGlobals) = postSolution
		SolutionGuid = {FBB627E5-222A-4F24-84FB-E552527F2246}
	EndGlobalSection
EndGlobal
